{
    "version": 3,
    "terraform_version": "0.11.11",
    "serial": 7,
    "lineage": "fbb8dcdc-7338-0ac8-5fb9-7169c754111f",
    "modules": [
        {
            "path": [
                "root"
            ],
            "outputs": {
                "todo_list_role_arn": {
                    "sensitive": false,
                    "type": "string",
                    "value": "arn:aws:iam::364350264218:role/dev-todo_list_role"
                },
                "todo_list_table": {
                    "sensitive": false,
                    "type": "string",
                    "value": "todo_list_table"
                }
            },
            "resources": {},
            "depends_on": []
        },
        {
            "path": [
                "root",
                "cloud_formation_stack"
            ],
            "outputs": {},
            "resources": {
                "aws_cloudformation_stack.todo_list_outputs": {
                    "type": "aws_cloudformation_stack",
                    "depends_on": [],
                    "primary": {
                        "id": "arn:aws:cloudformation:us-east-1:364350264218:stack/dev-todo-list-outputs/4e4b8740-6c10-11e9-a8a0-12d954a12b14",
                        "attributes": {
                            "disable_rollback": "false",
                            "iam_role_arn": "",
                            "id": "arn:aws:cloudformation:us-east-1:364350264218:stack/dev-todo-list-outputs/4e4b8740-6c10-11e9-a8a0-12d954a12b14",
                            "name": "dev-todo-list-outputs",
                            "outputs.%": "5",
                            "outputs.QueueARN": "arn:aws:sqs:us-east-1:364350264218:TodoList",
                            "outputs.QueueName": "TodoList",
                            "outputs.QueueURL": "https://sqs.us-east-1.amazonaws.com/364350264218/TodoList",
                            "outputs.RoleARN": "arn:aws:iam::364350264218:role/dev-todo_list_role",
                            "outputs.TodoListTableName": "todo_list_table",
                            "parameters.%": "0",
                            "tags.%": "0",
                            "template_body": "{\"Outputs\":{\"QueueARN\":{\"Description\":\"ARN of TodoList\",\"Value\":{\"Fn::GetAtt\":[\"TodoList\",\"Arn\"]}},\"QueueName\":{\"Description\":\"TodoList's Queue Name\",\"Value\":{\"Fn::GetAtt\":[\"TodoList\",\"QueueName\"]}},\"QueueURL\":{\"Description\":\"URL of TodoList\",\"Value\":{\"Ref\":\"TodoList\"}},\"RoleARN\":{\"Description\":\"Registration Role ARN\",\"Value\":\"arn:aws:iam::364350264218:role/dev-todo_list_role\"},\"TodoListTableName\":{\"Description\":\"Table for TodoList\",\"Value\":\"todo_list_table\"}},\"Resources\":{\"TodoList\":{\"Properties\":{\"QueueName\":\"TodoList\"},\"Type\":\"AWS::SQS::Queue\"}}}"
                        },
                        "meta": {
                            "e2bfb730-ecaa-11e6-8f88-34363bc7c4c0": {
                                "create": 1800000000000,
                                "delete": 1800000000000,
                                "update": 1800000000000
                            }
                        },
                        "tainted": false
                    },
                    "deposed": [],
                    "provider": "provider.aws"
                }
            },
            "depends_on": []
        },
        {
            "path": [
                "root",
                "iam_roles"
            ],
            "outputs": {
                "todo_list_role_arn": {
                    "sensitive": false,
                    "type": "string",
                    "value": "arn:aws:iam::364350264218:role/dev-todo_list_role"
                }
            },
            "resources": {
                "aws_iam_role.todo_list_role": {
                    "type": "aws_iam_role",
                    "depends_on": [
                        "data.template_file.assume_role_template"
                    ],
                    "primary": {
                        "id": "dev-todo_list_role",
                        "attributes": {
                            "arn": "arn:aws:iam::364350264218:role/dev-todo_list_role",
                            "assume_role_policy": "{\"Version\":\"2012-10-17\",\"Statement\":[{\"Sid\":\"\",\"Effect\":\"Allow\",\"Principal\":{\"Service\":\"lambda.amazonaws.com\"},\"Action\":\"sts:AssumeRole\"}]}",
                            "create_date": "2019-05-01T12:54:32Z",
                            "description": "",
                            "force_detach_policies": "false",
                            "id": "dev-todo_list_role",
                            "max_session_duration": "3600",
                            "name": "dev-todo_list_role",
                            "path": "/",
                            "tags.%": "0",
                            "unique_id": "AROAVJVHX2ONHG5GYGR6U"
                        },
                        "meta": {},
                        "tainted": false
                    },
                    "deposed": [],
                    "provider": "provider.aws"
                },
                "aws_iam_role_policy_attachment.dynamodbfullaccess": {
                    "type": "aws_iam_role_policy_attachment",
                    "depends_on": [
                        "aws_iam_role.todo_list_role"
                    ],
                    "primary": {
                        "id": "dev-todo_list_role-20190501125434970300000002",
                        "attributes": {
                            "id": "dev-todo_list_role-20190501125434970300000002",
                            "policy_arn": "arn:aws:iam::aws:policy/AmazonDynamoDBFullAccess",
                            "role": "dev-todo_list_role"
                        },
                        "meta": {},
                        "tainted": false
                    },
                    "deposed": [],
                    "provider": "provider.aws"
                },
                "aws_iam_role_policy_attachment.lambda_basic_execution_policy": {
                    "type": "aws_iam_role_policy_attachment",
                    "depends_on": [
                        "aws_iam_role.todo_list_role"
                    ],
                    "primary": {
                        "id": "dev-todo_list_role-20190501125434911100000001",
                        "attributes": {
                            "id": "dev-todo_list_role-20190501125434911100000001",
                            "policy_arn": "arn:aws:iam::aws:policy/service-role/AWSLambdaBasicExecutionRole",
                            "role": "dev-todo_list_role"
                        },
                        "meta": {},
                        "tainted": false
                    },
                    "deposed": [],
                    "provider": "provider.aws"
                },
                "data.template_file.assume_role_template": {
                    "type": "template_file",
                    "depends_on": [],
                    "primary": {
                        "id": "5e746934ac67f176a0fbcaed1cd8fd5b56083a275d833e778376d64a6305a2c9",
                        "attributes": {
                            "id": "5e746934ac67f176a0fbcaed1cd8fd5b56083a275d833e778376d64a6305a2c9",
                            "rendered": "{\n    \"Version\": \"2012-10-17\",\n    \"Statement\": [\n      {\n        \"Action\": \"sts:AssumeRole\",\n        \"Principal\": {\n          \"Service\": \"lambda.amazonaws.com\"\n        },\n        \"Effect\": \"Allow\",\n        \"Sid\": \"\"\n      }\n    ]\n  }",
                            "template": "{\n    \"Version\": \"2012-10-17\",\n    \"Statement\": [\n      {\n        \"Action\": \"sts:AssumeRole\",\n        \"Principal\": {\n          \"Service\": \"lambda.amazonaws.com\"\n        },\n        \"Effect\": \"Allow\",\n        \"Sid\": \"\"\n      }\n    ]\n  }"
                        },
                        "meta": {},
                        "tainted": false
                    },
                    "deposed": [],
                    "provider": "provider.template"
                }
            },
            "depends_on": []
        },
        {
            "path": [
                "root",
                "storage"
            ],
            "outputs": {
                "todo_list_table": {
                    "sensitive": false,
                    "type": "string",
                    "value": "todo_list_table"
                }
            },
            "resources": {
                "aws_dynamodb_table.todo_list_table": {
                    "type": "aws_dynamodb_table",
                    "depends_on": [],
                    "primary": {
                        "id": "todo_list_table",
                        "attributes": {
                            "arn": "arn:aws:dynamodb:us-east-1:364350264218:table/todo_list_table",
                            "attribute.#": "1",
                            "attribute.4228504427.name": "id",
                            "attribute.4228504427.type": "S",
                            "billing_mode": "PROVISIONED",
                            "global_secondary_index.#": "0",
                            "hash_key": "id",
                            "id": "todo_list_table",
                            "local_secondary_index.#": "0",
                            "name": "todo_list_table",
                            "point_in_time_recovery.#": "1",
                            "point_in_time_recovery.0.enabled": "false",
                            "read_capacity": "5",
                            "server_side_encryption.#": "0",
                            "stream_arn": "",
                            "stream_enabled": "false",
                            "stream_label": "",
                            "stream_view_type": "",
                            "tags.%": "0",
                            "ttl.#": "1",
                            "ttl.0.attribute_name": "",
                            "ttl.0.enabled": "false",
                            "write_capacity": "5"
                        },
                        "meta": {
                            "e2bfb730-ecaa-11e6-8f88-34363bc7c4c0": {
                                "create": 600000000000,
                                "delete": 600000000000,
                                "update": 3600000000000
                            },
                            "schema_version": "1"
                        },
                        "tainted": false
                    },
                    "deposed": [],
                    "provider": "provider.aws"
                }
            },
            "depends_on": []
        }
    ]
}
